PODS:
  - SwiftyRSA (1.7.0):
    - SwiftyRSA/ObjC (= 1.7.0)
  - SwiftyRSA/ObjC (1.7.0)

DEPENDENCIES:
  - SwiftyRSA

SPEC REPOS:
  trunk:
    - SwiftyRSA

SPEC CHECKSUMS:
  SwiftyRSA: 8c6dd1ea7db1b8dc4fb517a202f88bb1354bc2c6

PODFILE CHECKSUM: 510efcb0ec8defdb0dd3151e487692058578cf61

COCOAPODS: 1.10.2
