// !$*UTF8*$!
{
	archiveVersion = 1;
	classes = {
	};
	objectVersion = 51;
	objects = {

/* Begin PBXBuildFile section */
		290CF76F26DD85C20015D79A /* VFDataManager.m in Sources */ = {isa = PBXBuildFile; fileRef = 290CF76E26DD85C20015D79A /* VFDataManager.m */; };
		290CF77326DD863B0015D79A /* NSString+Base64.m in Sources */ = {isa = PBXBuildFile; fileRef = 290CF77226DD863B0015D79A /* NSString+Base64.m */; };
		290CF77626DD86A80015D79A /* NSData+VFBase64.m in Sources */ = {isa = PBXBuildFile; fileRef = 290CF77526DD86A80015D79A /* NSData+VFBase64.m */; };
		293B6E2C26DC3573004746C4 /* Verifone_SCA_DemoApp.swift in Sources */ = {isa = PBXBuildFile; fileRef = 293B6E2B26DC3573004746C4 /* Verifone_SCA_DemoApp.swift */; };
		293B6E2E26DC3573004746C4 /* ContentView.swift in Sources */ = {isa = PBXBuildFile; fileRef = 293B6E2D26DC3573004746C4 /* ContentView.swift */; };
		293B6E3026DC3574004746C4 /* Assets.xcassets in Resources */ = {isa = PBXBuildFile; fileRef = 293B6E2F26DC3574004746C4 /* Assets.xcassets */; };
		293B6E3326DC3574004746C4 /* Preview Assets.xcassets in Resources */ = {isa = PBXBuildFile; fileRef = 293B6E3226DC3574004746C4 /* Preview Assets.xcassets */; };
		293B6E3B26DC36FD004746C4 /* RSA.swift in Sources */ = {isa = PBXBuildFile; fileRef = 293B6E3A26DC36FD004746C4 /* RSA.swift */; };
		90ACD85E727DCCF0618721C2 /* Pods_Verifone_SCA_Demo.framework in Frameworks */ = {isa = PBXBuildFile; fileRef = C6B65CB51DD2B3A796C9C670 /* Pods_Verifone_SCA_Demo.framework */; };
/* End PBXBuildFile section */

/* Begin PBXFileReference section */
		290CF76C26DD85C20015D79A /* Verifone SCA Demo-Bridging-Header.h */ = {isa = PBXFileReference; lastKnownFileType = sourcecode.c.h; path = "Verifone SCA Demo-Bridging-Header.h"; sourceTree = "<group>"; };
		290CF76D26DD85C20015D79A /* VFDataManager.h */ = {isa = PBXFileReference; lastKnownFileType = sourcecode.c.h; path = VFDataManager.h; sourceTree = "<group>"; };
		290CF76E26DD85C20015D79A /* VFDataManager.m */ = {isa = PBXFileReference; lastKnownFileType = sourcecode.c.objc; path = VFDataManager.m; sourceTree = "<group>"; };
		290CF77126DD863B0015D79A /* NSString+Base64.h */ = {isa = PBXFileReference; lastKnownFileType = sourcecode.c.h; path = "NSString+Base64.h"; sourceTree = "<group>"; };
		290CF77226DD863B0015D79A /* NSString+Base64.m */ = {isa = PBXFileReference; lastKnownFileType = sourcecode.c.objc; path = "NSString+Base64.m"; sourceTree = "<group>"; };
		290CF77426DD86A80015D79A /* NSData+VFBase64.h */ = {isa = PBXFileReference; lastKnownFileType = sourcecode.c.h; path = "NSData+VFBase64.h"; sourceTree = "<group>"; };
		290CF77526DD86A80015D79A /* NSData+VFBase64.m */ = {isa = PBXFileReference; lastKnownFileType = sourcecode.c.objc; path = "NSData+VFBase64.m"; sourceTree = "<group>"; };
		293B6E2826DC3573004746C4 /* Verifone SCA Demo.app */ = {isa = PBXFileReference; explicitFileType = wrapper.application; includeInIndex = 0; path = "Verifone SCA Demo.app"; sourceTree = BUILT_PRODUCTS_DIR; };
		293B6E2B26DC3573004746C4 /* Verifone_SCA_DemoApp.swift */ = {isa = PBXFileReference; lastKnownFileType = sourcecode.swift; path = Verifone_SCA_DemoApp.swift; sourceTree = "<group>"; };
		293B6E2D26DC3573004746C4 /* ContentView.swift */ = {isa = PBXFileReference; lastKnownFileType = sourcecode.swift; path = ContentView.swift; sourceTree = "<group>"; };
		293B6E2F26DC3574004746C4 /* Assets.xcassets */ = {isa = PBXFileReference; lastKnownFileType = folder.assetcatalog; path = Assets.xcassets; sourceTree = "<group>"; };
		293B6E3226DC3574004746C4 /* Preview Assets.xcassets */ = {isa = PBXFileReference; lastKnownFileType = folder.assetcatalog; path = "Preview Assets.xcassets"; sourceTree = "<group>"; };
		293B6E3426DC3574004746C4 /* Info.plist */ = {isa = PBXFileReference; lastKnownFileType = text.plist.xml; path = Info.plist; sourceTree = "<group>"; };
		293B6E3A26DC36FD004746C4 /* RSA.swift */ = {isa = PBXFileReference; lastKnownFileType = sourcecode.swift; path = RSA.swift; sourceTree = "<group>"; };
		3940920454B87C038FFA8137 /* Pods-Verifone SCA Demo.release.xcconfig */ = {isa = PBXFileReference; includeInIndex = 1; lastKnownFileType = text.xcconfig; name = "Pods-Verifone SCA Demo.release.xcconfig"; path = "Target Support Files/Pods-Verifone SCA Demo/Pods-Verifone SCA Demo.release.xcconfig"; sourceTree = "<group>"; };
		5E676D2948E2A0DCAB498031 /* Pods-Verifone SCA Demo.debug.xcconfig */ = {isa = PBXFileReference; includeInIndex = 1; lastKnownFileType = text.xcconfig; name = "Pods-Verifone SCA Demo.debug.xcconfig"; path = "Target Support Files/Pods-Verifone SCA Demo/Pods-Verifone SCA Demo.debug.xcconfig"; sourceTree = "<group>"; };
		C6B65CB51DD2B3A796C9C670 /* Pods_Verifone_SCA_Demo.framework */ = {isa = PBXFileReference; explicitFileType = wrapper.framework; includeInIndex = 0; path = Pods_Verifone_SCA_Demo.framework; sourceTree = BUILT_PRODUCTS_DIR; };
/* End PBXFileReference section */

/* Begin PBXFrameworksBuildPhase section */
		293B6E2526DC3573004746C4 /* Frameworks */ = {
			isa = PBXFrameworksBuildPhase;
			buildActionMask = 2147483647;
			files = (
				90ACD85E727DCCF0618721C2 /* Pods_Verifone_SCA_Demo.framework in Frameworks */,
			);
			runOnlyForDeploymentPostprocessing = 0;
		};
/* End PBXFrameworksBuildPhase section */

/* Begin PBXGroup section */
		029A003E5D469B7DC268DCEF /* Pods */ = {
			isa = PBXGroup;
			children = (
				5E676D2948E2A0DCAB498031 /* Pods-Verifone SCA Demo.debug.xcconfig */,
				3940920454B87C038FFA8137 /* Pods-Verifone SCA Demo.release.xcconfig */,
			);
			path = Pods;
			sourceTree = "<group>";
		};
		290CF77026DD85EF0015D79A /* Verifone */ = {
			isa = PBXGroup;
			children = (
				290CF76D26DD85C20015D79A /* VFDataManager.h */,
				290CF76E26DD85C20015D79A /* VFDataManager.m */,
				290CF77126DD863B0015D79A /* NSString+Base64.h */,
				290CF77226DD863B0015D79A /* NSString+Base64.m */,
				290CF77426DD86A80015D79A /* NSData+VFBase64.h */,
				290CF77526DD86A80015D79A /* NSData+VFBase64.m */,
			);
			path = Verifone;
			sourceTree = "<group>";
		};
		293B6E1F26DC3573004746C4 = {
			isa = PBXGroup;
			children = (
				293B6E2A26DC3573004746C4 /* Verifone SCA Demo */,
				293B6E2926DC3573004746C4 /* Products */,
				029A003E5D469B7DC268DCEF /* Pods */,
				CECE33F8520F4703DF609808 /* Frameworks */,
			);
			sourceTree = "<group>";
		};
		293B6E2926DC3573004746C4 /* Products */ = {
			isa = PBXGroup;
			children = (
				293B6E2826DC3573004746C4 /* Verifone SCA Demo.app */,
			);
			name = Products;
			sourceTree = "<group>";
		};
		293B6E2A26DC3573004746C4 /* Verifone SCA Demo */ = {
			isa = PBXGroup;
			children = (
				290CF77026DD85EF0015D79A /* Verifone */,
				293B6E2B26DC3573004746C4 /* Verifone_SCA_DemoApp.swift */,
				293B6E2D26DC3573004746C4 /* ContentView.swift */,
				293B6E2F26DC3574004746C4 /* Assets.xcassets */,
				293B6E3426DC3574004746C4 /* Info.plist */,
				293B6E3126DC3574004746C4 /* Preview Content */,
				293B6E3A26DC36FD004746C4 /* RSA.swift */,
				290CF76C26DD85C20015D79A /* Verifone SCA Demo-Bridging-Header.h */,
			);
			path = "Verifone SCA Demo";
			sourceTree = "<group>";
		};
		293B6E3126DC3574004746C4 /* Preview Content */ = {
			isa = PBXGroup;
			children = (
				293B6E3226DC3574004746C4 /* Preview Assets.xcassets */,
			);
			path = "Preview Content";
			sourceTree = "<group>";
		};
		CECE33F8520F4703DF609808 /* Frameworks */ = {
			isa = PBXGroup;
			children = (
				C6B65CB51DD2B3A796C9C670 /* Pods_Verifone_SCA_Demo.framework */,
			);
			name = Frameworks;
			sourceTree = "<group>";
		};
/* End PBXGroup section */

/* Begin PBXNativeTarget section */
		293B6E2726DC3573004746C4 /* Verifone SCA Demo */ = {
			isa = PBXNativeTarget;
			buildConfigurationList = 293B6E3726DC3574004746C4 /* Build configuration list for PBXNativeTarget "Verifone SCA Demo" */;
			buildPhases = (
				CDEEF0B0696F7908E659F604 /* [CP] Check Pods Manifest.lock */,
				293B6E2426DC3573004746C4 /* Sources */,
				293B6E2526DC3573004746C4 /* Frameworks */,
				293B6E2626DC3573004746C4 /* Resources */,
				66AEE83E0FDCCB0DE3F0F910 /* [CP] Embed Pods Frameworks */,
			);
			buildRules = (
			);
			dependencies = (
			);
			name = "Verifone SCA Demo";
			productName = "Verifone SCA Demo";
			productReference = 293B6E2826DC3573004746C4 /* Verifone SCA Demo.app */;
			productType = "com.apple.product-type.application";
		};
/* End PBXNativeTarget section */

/* Begin PBXProject section */
		293B6E2026DC3573004746C4 /* Project object */ = {
			isa = PBXProject;
			attributes = {
				LastSwiftUpdateCheck = 1250;
				LastUpgradeCheck = 1250;
				TargetAttributes = {
					293B6E2726DC3573004746C4 = {
						CreatedOnToolsVersion = 12.5.1;
						LastSwiftMigration = 1250;
					};
				};
			};
			buildConfigurationList = 293B6E2326DC3573004746C4 /* Build configuration list for PBXProject "Verifone SCA Demo" */;
			compatibilityVersion = "Xcode 9.3";
			developmentRegion = en;
			hasScannedForEncodings = 0;
			knownRegions = (
				en,
				Base,
			);
			mainGroup = 293B6E1F26DC3573004746C4;
			productRefGroup = 293B6E2926DC3573004746C4 /* Products */;
			projectDirPath = "";
			projectRoot = "";
			targets = (
				293B6E2726DC3573004746C4 /* Verifone SCA Demo */,
			);
		};
/* End PBXProject section */

/* Begin PBXResourcesBuildPhase section */
		293B6E2626DC3573004746C4 /* Resources */ = {
			isa = PBXResourcesBuildPhase;
			buildActionMask = 2147483647;
			files = (
				293B6E3326DC3574004746C4 /* Preview Assets.xcassets in Resources */,
				293B6E3026DC3574004746C4 /* Assets.xcassets in Resources */,
			);
			runOnlyForDeploymentPostprocessing = 0;
		};
/* End PBXResourcesBuildPhase section */

/* Begin PBXShellScriptBuildPhase section */
		66AEE83E0FDCCB0DE3F0F910 /* [CP] Embed Pods Frameworks */ = {
			isa = PBXShellScriptBuildPhase;
			buildActionMask = 2147483647;
			files = (
			);
			inputFileListPaths = (
				"${PODS_ROOT}/Target Support Files/Pods-Verifone SCA Demo/Pods-Verifone SCA Demo-frameworks-${CONFIGURATION}-input-files.xcfilelist",
			);
			name = "[CP] Embed Pods Frameworks";
			outputFileListPaths = (
				"${PODS_ROOT}/Target Support Files/Pods-Verifone SCA Demo/Pods-Verifone SCA Demo-frameworks-${CONFIGURATION}-output-files.xcfilelist",
			);
			runOnlyForDeploymentPostprocessing = 0;
			shellPath = /bin/sh;
			shellScript = "\"${PODS_ROOT}/Target Support Files/Pods-Verifone SCA Demo/Pods-Verifone SCA Demo-frameworks.sh\"\n";
			showEnvVarsInLog = 0;
		};
		CDEEF0B0696F7908E659F604 /* [CP] Check Pods Manifest.lock */ = {
			isa = PBXShellScriptBuildPhase;
			buildActionMask = 2147483647;
			files = (
			);
			inputFileListPaths = (
			);
			inputPaths = (
				"${PODS_PODFILE_DIR_PATH}/Podfile.lock",
				"${PODS_ROOT}/Manifest.lock",
			);
			name = "[CP] Check Pods Manifest.lock";
			outputFileListPaths = (
			);
			outputPaths = (
				"$(DERIVED_FILE_DIR)/Pods-Verifone SCA Demo-checkManifestLockResult.txt",
			);
			runOnlyForDeploymentPostprocessing = 0;
			shellPath = /bin/sh;
			shellScript = "diff \"${PODS_PODFILE_DIR_PATH}/Podfile.lock\" \"${PODS_ROOT}/Manifest.lock\" > /dev/null\nif [ $? != 0 ] ; then\n    # print error to STDERR\n    echo \"error: The sandbox is not in sync with the Podfile.lock. Run 'pod install' or update your CocoaPods installation.\" >&2\n    exit 1\nfi\n# This output is used by Xcode 'outputs' to avoid re-running this script phase.\necho \"SUCCESS\" > \"${SCRIPT_OUTPUT_FILE_0}\"\n";
			showEnvVarsInLog = 0;
		};
/* End PBXShellScriptBuildPhase section */

/* Begin PBXSourcesBuildPhase section */
		293B6E2426DC3573004746C4 /* Sources */ = {
			isa = PBXSourcesBuildPhase;
			buildActionMask = 2147483647;
			files = (
				293B6E2E26DC3573004746C4 /* ContentView.swift in Sources */,
				293B6E2C26DC3573004746C4 /* Verifone_SCA_DemoApp.swift in Sources */,
				290CF77326DD863B0015D79A /* NSString+Base64.m in Sources */,
				290CF77626DD86A80015D79A /* NSData+VFBase64.m in Sources */,
				293B6E3B26DC36FD004746C4 /* RSA.swift in Sources */,
				290CF76F26DD85C20015D79A /* VFDataManager.m in Sources */,
			);
			runOnlyForDeploymentPostprocessing = 0;
		};
/* End PBXSourcesBuildPhase section */

/* Begin XCBuildConfiguration section */
		293B6E3526DC3574004746C4 /* Debug */ = {
			isa = XCBuildConfiguration;
			buildSettings = {
				ALWAYS_SEARCH_USER_PATHS = NO;
				CLANG_ANALYZER_NONNULL = YES;
				CLANG_ANALYZER_NUMBER_OBJECT_CONVERSION = YES_AGGRESSIVE;
				CLANG_CXX_LANGUAGE_STANDARD = "gnu++14";
				CLANG_CXX_LIBRARY = "libc++";
				CLANG_ENABLE_MODULES = YES;
				CLANG_ENABLE_OBJC_ARC = YES;
				CLANG_ENABLE_OBJC_WEAK = YES;
				CLANG_WARN_BLOCK_CAPTURE_AUTORELEASING = YES;
				CLANG_WARN_BOOL_CONVERSION = YES;
				CLANG_WARN_COMMA = YES;
				CLANG_WARN_CONSTANT_CONVERSION = YES;
				CLANG_WARN_DEPRECATED_OBJC_IMPLEMENTATIONS = YES;
				CLANG_WARN_DIRECT_OBJC_ISA_USAGE = YES_ERROR;
				CLANG_WARN_DOCUMENTATION_COMMENTS = YES;
				CLANG_WARN_EMPTY_BODY = YES;
				CLANG_WARN_ENUM_CONVERSION = YES;
				CLANG_WARN_INFINITE_RECURSION = YES;
				CLANG_WARN_INT_CONVERSION = YES;
				CLANG_WARN_NON_LITERAL_NULL_CONVERSION = YES;
				CLANG_WARN_OBJC_IMPLICIT_RETAIN_SELF = YES;
				CLANG_WARN_OBJC_LITERAL_CONVERSION = YES;
				CLANG_WARN_OBJC_ROOT_CLASS = YES_ERROR;
				CLANG_WARN_QUOTED_INCLUDE_IN_FRAMEWORK_HEADER = YES;
				CLANG_WARN_RANGE_LOOP_ANALYSIS = YES;
				CLANG_WARN_STRICT_PROTOTYPES = YES;
				CLANG_WARN_SUSPICIOUS_MOVE = YES;
				CLANG_WARN_UNGUARDED_AVAILABILITY = YES_AGGRESSIVE;
				CLANG_WARN_UNREACHABLE_CODE = YES;
				CLANG_WARN__DUPLICATE_METHOD_MATCH = YES;
				COPY_PHASE_STRIP = NO;
				DEBUG_INFORMATION_FORMAT = dwarf;
				ENABLE_STRICT_OBJC_MSGSEND = YES;
				ENABLE_TESTABILITY = YES;
				GCC_C_LANGUAGE_STANDARD = gnu11;
				GCC_DYNAMIC_NO_PIC = NO;
				GCC_NO_COMMON_BLOCKS = YES;
				GCC_OPTIMIZATION_LEVEL = 0;
				GCC_PREPROCESSOR_DEFINITIONS = (
					"DEBUG=1",
					"$(inherited)",
				);
				GCC_WARN_64_TO_32_BIT_CONVERSION = YES;
				GCC_WARN_ABOUT_RETURN_TYPE = YES_ERROR;
				GCC_WARN_UNDECLARED_SELECTOR = YES;
				GCC_WARN_UNINITIALIZED_AUTOS = YES_AGGRESSIVE;
				GCC_WARN_UNUSED_FUNCTION = YES;
				GCC_WARN_UNUSED_VARIABLE = YES;
				IPHONEOS_DEPLOYMENT_TARGET = 14.5;
				MTL_ENABLE_DEBUG_INFO = INCLUDE_SOURCE;
				MTL_FAST_MATH = YES;
				ONLY_ACTIVE_ARCH = YES;
				SDKROOT = iphoneos;
				SWIFT_ACTIVE_COMPILATION_CONDITIONS = DEBUG;
				SWIFT_OPTIMIZATION_LEVEL = "-Onone";
			};
			name = Debug;
		};
		293B6E3626DC3574004746C4 /* Release */ = {
			isa = XCBuildConfiguration;
			buildSettings = {
				ALWAYS_SEARCH_USER_PATHS = NO;
				CLANG_ANALYZER_NONNULL = YES;
				CLANG_ANALYZER_NUMBER_OBJECT_CONVERSION = YES_AGGRESSIVE;
				CLANG_CXX_LANGUAGE_STANDARD = "gnu++14";
				CLANG_CXX_LIBRARY = "libc++";
				CLANG_ENABLE_MODULES = YES;
				CLANG_ENABLE_OBJC_ARC = YES;
				CLANG_ENABLE_OBJC_WEAK = YES;
				CLANG_WARN_BLOCK_CAPTURE_AUTORELEASING = YES;
				CLANG_WARN_BOOL_CONVERSION = YES;
				CLANG_WARN_COMMA = YES;
				CLANG_WARN_CONSTANT_CONVERSION = YES;
				CLANG_WARN_DEPRECATED_OBJC_IMPLEMENTATIONS = YES;
				CLANG_WARN_DIRECT_OBJC_ISA_USAGE = YES_ERROR;
				CLANG_WARN_DOCUMENTATION_COMMENTS = YES;
				CLANG_WARN_EMPTY_BODY = YES;
				CLANG_WARN_ENUM_CONVERSION = YES;
				CLANG_WARN_INFINITE_RECURSION = YES;
				CLANG_WARN_INT_CONVERSION = YES;
				CLANG_WARN_NON_LITERAL_NULL_CONVERSION = YES;
				CLANG_WARN_OBJC_IMPLICIT_RETAIN_SELF = YES;
				CLANG_WARN_OBJC_LITERAL_CONVERSION = YES;
				CLANG_WARN_OBJC_ROOT_CLASS = YES_ERROR;
				CLANG_WARN_QUOTED_INCLUDE_IN_FRAMEWORK_HEADER = YES;
				CLANG_WARN_RANGE_LOOP_ANALYSIS = YES;
				CLANG_WARN_STRICT_PROTOTYPES = YES;
				CLANG_WARN_SUSPICIOUS_MOVE = YES;
				CLANG_WARN_UNGUARDED_AVAILABILITY = YES_AGGRESSIVE;
				CLANG_WARN_UNREACHABLE_CODE = YES;
				CLANG_WARN__DUPLICATE_METHOD_MATCH = YES;
				COPY_PHASE_STRIP = NO;
				DEBUG_INFORMATION_FORMAT = "dwarf-with-dsym";
				ENABLE_NS_ASSERTIONS = NO;
				ENABLE_STRICT_OBJC_MSGSEND = YES;
				GCC_C_LANGUAGE_STANDARD = gnu11;
				GCC_NO_COMMON_BLOCKS = YES;
				GCC_WARN_64_TO_32_BIT_CONVERSION = YES;
				GCC_WARN_ABOUT_RETURN_TYPE = YES_ERROR;
				GCC_WARN_UNDECLARED_SELECTOR = YES;
				GCC_WARN_UNINITIALIZED_AUTOS = YES_AGGRESSIVE;
				GCC_WARN_UNUSED_FUNCTION = YES;
				GCC_WARN_UNUSED_VARIABLE = YES;
				IPHONEOS_DEPLOYMENT_TARGET = 14.5;
				MTL_ENABLE_DEBUG_INFO = NO;
				MTL_FAST_MATH = YES;
				SDKROOT = iphoneos;
				SWIFT_COMPILATION_MODE = wholemodule;
				SWIFT_OPTIMIZATION_LEVEL = "-O";
				VALIDATE_PRODUCT = YES;
			};
			name = Release;
		};
		293B6E3826DC3574004746C4 /* Debug */ = {
			isa = XCBuildConfiguration;
			baseConfigurationReference = 5E676D2948E2A0DCAB498031 /* Pods-Verifone SCA Demo.debug.xcconfig */;
			buildSettings = {
				ASSETCATALOG_COMPILER_APPICON_NAME = AppIcon;
				ASSETCATALOG_COMPILER_GLOBAL_ACCENT_COLOR_NAME = AccentColor;
				CLANG_ENABLE_MODULES = YES;
				CODE_SIGN_STYLE = Automatic;
				DEVELOPMENT_ASSET_PATHS = "\"Verifone SCA Demo/Preview Content\"";
				DEVELOPMENT_TEAM = EWH85CQYYJ;
				ENABLE_PREVIEWS = YES;
				INFOPLIST_FILE = "Verifone SCA Demo/Info.plist";
				IPHONEOS_DEPLOYMENT_TARGET = 14.0;
				LD_RUNPATH_SEARCH_PATHS = (
					"$(inherited)",
					"@executable_path/Frameworks",
				);
				PRODUCT_BUNDLE_IDENTIFIER = "com.offensively-bad.Verifone-SCA-Demo";
				PRODUCT_NAME = "$(TARGET_NAME)";
				SWIFT_OBJC_BRIDGING_HEADER = "Verifone SCA Demo/Verifone SCA Demo-Bridging-Header.h";
				SWIFT_OPTIMIZATION_LEVEL = "-Onone";
				SWIFT_VERSION = 5.0;
				TARGETED_DEVICE_FAMILY = "1,2";
			};
			name = Debug;
		};
		293B6E3926DC3574004746C4 /* Release */ = {
			isa = XCBuildConfiguration;
			baseConfigurationReference = 3940920454B87C038FFA8137 /* Pods-Verifone SCA Demo.release.xcconfig */;
			buildSettings = {
				ASSETCATALOG_COMPILER_APPICON_NAME = AppIcon;
				ASSETCATALOG_COMPILER_GLOBAL_ACCENT_COLOR_NAME = AccentColor;
				CLANG_ENABLE_MODULES = YES;
				CODE_SIGN_STYLE = Automatic;
				DEVELOPMENT_ASSET_PATHS = "\"Verifone SCA Demo/Preview Content\"";
				DEVELOPMENT_TEAM = EWH85CQYYJ;
				ENABLE_PREVIEWS = YES;
				INFOPLIST_FILE = "Verifone SCA Demo/Info.plist";
				IPHONEOS_DEPLOYMENT_TARGET = 14.0;
				LD_RUNPATH_SEARCH_PATHS = (
					"$(inherited)",
					"@executable_path/Frameworks",
				);
				PRODUCT_BUNDLE_IDENTIFIER = "com.offensively-bad.Verifone-SCA-Demo";
				PRODUCT_NAME = "$(TARGET_NAME)";
				SWIFT_OBJC_BRIDGING_HEADER = "Verifone SCA Demo/Verifone SCA Demo-Bridging-Header.h";
				SWIFT_VERSION = 5.0;
				TARGETED_DEVICE_FAMILY = "1,2";
			};
			name = Release;
		};
/* End XCBuildConfiguration section */

/* Begin XCConfigurationList section */
		293B6E2326DC3573004746C4 /* Build configuration list for PBXProject "Verifone SCA Demo" */ = {
			isa = XCConfigurationList;
			buildConfigurations = (
				293B6E3526DC3574004746C4 /* Debug */,
				293B6E3626DC3574004746C4 /* Release */,
			);
			defaultConfigurationIsVisible = 0;
			defaultConfigurationName = Release;
		};
		293B6E3726DC3574004746C4 /* Build configuration list for PBXNativeTarget "Verifone SCA Demo" */ = {
			isa = XCConfigurationList;
			buildConfigurations = (
				293B6E3826DC3574004746C4 /* Debug */,
				293B6E3926DC3574004746C4 /* Release */,
			);
			defaultConfigurationIsVisible = 0;
			defaultConfigurationName = Release;
		};
/* End XCConfigurationList section */
	};
	rootObject = 293B6E2026DC3573004746C4 /* Project object */;
}
